
Microsoft Visual Studio Solution File, Format Version 12.00
# Visual Studio Version 17
VisualStudioVersion = 17.7.34024.191
MinimumVisualStudioVersion = 10.0.40219.1
Project("{FAE04EC0-301F-11D3-BF4B-00C04F79EFBC}") = "Lab 2", "Lab 2.csproj", "{293D9DAA-AEBE-46C4-AB57-CF782B86355C}"
EndProject
Global
	GlobalSection(SolutionConfigurationPlatforms) = preSolution
		Debug|Any CPU = Debug|Any CPU
		Release|Any CPU = Release|Any CPU
	EndGlobalSection
	GlobalSection(ProjectConfigurationPlatforms) = postSolution
		{293D9DAA-AEBE-46C4-AB57-CF782B86355C}.Debug|Any CPU.ActiveCfg = Debug|Any CPU
		{293D9DAA-AEBE-46C4-AB57-CF782B86355C}.Debug|Any CPU.Build.0 = Debug|Any CPU
		{293D9DAA-AEBE-46C4-AB57-CF782B86355C}.Release|Any CPU.ActiveCfg = Release|Any CPU
		{293D9DAA-AEBE-46C4-AB57-CF782B86355C}.Release|Any CPU.Build.0 = Release|Any CPU
	EndGlobalSection
	GlobalSection(SolutionProperties) = preSolution
		HideSolutionNode = FALSE
	EndGlobalSection
	GlobalSection(ExtensibilityGlobals) = postSolution
		SolutionGuid = {98E3A5AD-CB7F-413B-AA41-0B22129FE464}
	EndGlobalSection
EndGlobal
